
Microsoft Visual Studio Solution File, Format Version 12.00
# Visual Studio 15
VisualStudioVersion = 15.0.28010.2041
MinimumVisualStudioVersion = 10.0.40219.1
Project("{FAE04EC0-301F-11D3-BF4B-00C04F79EFBC}") = "SE-4220_HW6-WPF", "SE-4220_HW6-WPF\SE-4220_HW6-WPF.csproj", "{139329B5-63C3-4CE2-B808-F8470B2C6EFA}"
EndProject
Project("{FAE04EC0-301F-11D3-BF4B-00C04F79EFBC}") = "HW6-Tests", "HW6-Tests\HW6-Tests.csproj", "{7948801D-5BC2-48C8-B935-77D59CB38146}"
EndProject
Global
	GlobalSection(SolutionConfigurationPlatforms) = preSolution
		Debug|Any CPU = Debug|Any CPU
		Release|Any CPU = Release|Any CPU
	EndGlobalSection
	GlobalSection(ProjectConfigurationPlatforms) = postSolution
		{139329B5-63C3-4CE2-B808-F8470B2C6EFA}.Debug|Any CPU.ActiveCfg = Debug|Any CPU
		{139329B5-63C3-4CE2-B808-F8470B2C6EFA}.Debug|Any CPU.Build.0 = Debug|Any CPU
		{139329B5-63C3-4CE2-B808-F8470B2C6EFA}.Release|Any CPU.ActiveCfg = Release|Any CPU
		{139329B5-63C3-4CE2-B808-F8470B2C6EFA}.Release|Any CPU.Build.0 = Release|Any CPU
		{7948801D-5BC2-48C8-B935-77D59CB38146}.Debug|Any CPU.ActiveCfg = Debug|Any CPU
		{7948801D-5BC2-48C8-B935-77D59CB38146}.Debug|Any CPU.Build.0 = Debug|Any CPU
		{7948801D-5BC2-48C8-B935-77D59CB38146}.Release|Any CPU.ActiveCfg = Release|Any CPU
		{7948801D-5BC2-48C8-B935-77D59CB38146}.Release|Any CPU.Build.0 = Release|Any CPU
	EndGlobalSection
	GlobalSection(SolutionProperties) = preSolution
		HideSolutionNode = FALSE
	EndGlobalSection
	GlobalSection(ExtensibilityGlobals) = postSolution
		SolutionGuid = {7DAA1B66-C183-4E1A-AB6D-5DC0BE4FB8BF}
	EndGlobalSection
EndGlobal
